<?xml version="1.0" encoding="utf-8"?>
<Project ToolsVersion="4.0" xmlns="http://schemas.microsoft.com/developer/msbuild/2003">
  <ItemGroup>
    <Filter Include="소스 파일">
      <UniqueIdentifier>{4FC737F1-C7A5-4376-A066-2A32D752A2FF}</UniqueIdentifier>
      <Extensions>cpp;c;cc;cxx;def;odl;idl;hpj;bat;asm;asmx</Extensions>
    </Filter>
    <Filter Include="헤더 파일">
      <UniqueIdentifier>{93995380-89BD-4b04-88EB-625FBE52EBFB}</UniqueIdentifier>
      <Extensions>h;hh;hpp;hxx;hm;inl;inc;ipp;xsd</Extensions>
    </Filter>
    <Filter Include="리소스 파일">
      <UniqueIdentifier>{67DA6AB6-F800-4c08-8B7A-83BB121AAD01}</UniqueIdentifier>
      <Extensions>rc;ico;cur;bmp;dlg;rc2;rct;bin;rgs;gif;jpg;jpeg;jpe;resx;tiff;tif;png;wav;mfcribbon-ms</Extensions>
    </Filter>
  </ItemGroup>
  <ItemGroup>
    <ClInclude Include="pch.h">
      <Filter>헤더 파일</Filter>
    </ClInclude>
  </ItemGroup>
  <ItemGroup>
    <ClCompile Include="pch.cpp">
      <Filter>소스 파일</Filter>
    </ClCompile>
    <ClCompile Include="C12_string 컨테이너\C12_S1_입력 스트림 연산자와 getline() 전역 함수.cpp">
      <Filter>소스 파일</Filter>
    </ClCompile>
    <ClCompile Include="C12_string 컨테이너\C12_S1_substr() 멤버 함수.cpp">
      <Filter>소스 파일</Filter>
    </ClCompile>
    <ClCompile Include="C12_string 컨테이너\C12_S1_find(), rfind() 멤버 함수.cpp">
      <Filter>소스 파일</Filter>
    </ClCompile>
    <ClCompile Include="C12_string 컨테이너\C12_S1_insert() 멤버 함수.cpp">
      <Filter>소스 파일</Filter>
    </ClCompile>
    <ClCompile Include="C12_string 컨테이너\C12_S1_replace() 멤버 함수.cpp">
      <Filter>소스 파일</Filter>
    </ClCompile>
    <ClCompile Include="C12_string 컨테이너\C12_S1_string 생성자.cpp">
      <Filter>소스 파일</Filter>
    </ClCompile>
    <ClCompile Include="C12_string 컨테이너\C12_S1_=,assign() 멤버 함수.cpp">
      <Filter>소스 파일</Filter>
    </ClCompile>
    <ClCompile Include="C12_string 컨테이너\C12_S1_append(), +=, push_back().cpp">
      <Filter>소스 파일</Filter>
    </ClCompile>
    <ClCompile Include="C12_string 컨테이너\C12_S1_c_str(), data() 멤버 함수.cpp">
      <Filter>소스 파일</Filter>
    </ClCompile>
    <ClCompile Include="C12_string 컨테이너\C12_S1_compare() 멤버 함수.cpp">
      <Filter>소스 파일</Filter>
    </ClCompile>
    <ClCompile Include="C12_string 컨테이너\C12_S1_copy%28%29 멤버 함수.cpp">
      <Filter>소스 파일</Filter>
    </ClCompile>
    <ClCompile Include="C11_컨테이너 어댑터\C11_S1_stack 컨테이너.cpp">
      <Filter>소스 파일</Filter>
    </ClCompile>
    <ClCompile Include="C11_컨테이너 어댑터\C11_S2_queue 컨테이너.cpp">
      <Filter>소스 파일</Filter>
    </ClCompile>
    <ClCompile Include="C11_컨테이너 어댑터\C11_S3_priority_queue 컨테이너.cpp">
      <Filter>소스 파일</Filter>
    </ClCompile>
    <ClCompile Include="C10_반복자\C10_Q4.cpp">
      <Filter>소스 파일</Filter>
    </ClCompile>
    <ClCompile Include="C10_반복자\C10_Q5.cpp">
      <Filter>소스 파일</Filter>
    </ClCompile>
    <ClCompile Include="C10_반복자\C10_S2_iterator와 const_iterator.cpp">
      <Filter>소스 파일</Filter>
    </ClCompile>
    <ClCompile Include="C10_반복자\C10_S2_vector의 임의 접근 반복자와 list의 양방향 반복자.cpp">
      <Filter>소스 파일</Filter>
    </ClCompile>
    <ClCompile Include="C10_반복자\C10_S2_Xiterator, Xconst_iterator, const Xiterator, const Xconst_iterator 반복자 비교.cpp">
      <Filter>소스 파일</Filter>
    </ClCompile>
    <ClCompile Include="C10_반복자\C10_S3_Xiterator와 Xreverse_iterator의 동작.cpp">
      <Filter>소스 파일</Filter>
    </ClCompile>
    <ClCompile Include="C10_반복자\C10_S3_네 반복자 형식의 변환.cpp">
      <Filter>소스 파일</Filter>
    </ClCompile>
    <ClCompile Include="C10_반복자\C10_S3_반복자 어댑터 reverse_iterator(T).cpp">
      <Filter>소스 파일</Filter>
    </ClCompile>
    <ClCompile Include="C10_반복자\C10_S4_back_inserter(), front_inserter().cpp">
      <Filter>소스 파일</Filter>
    </ClCompile>
    <ClCompile Include="C10_반복자\C10_S4_삽입 반복자 어댑터 inserter().cpp">
      <Filter>소스 파일</Filter>
    </ClCompile>
    <ClCompile Include="C10_반복자\C10_S5_istream_iterator 입력 스트림 반복자.cpp">
      <Filter>소스 파일</Filter>
    </ClCompile>
    <ClCompile Include="C10_반복자\C10_S5_ostream_iterator 출력 스트림 반복자.cpp">
      <Filter>소스 파일</Filter>
    </ClCompile>
    <ClCompile Include="C10_반복자\C10_S6_advance() 보조 함수.cpp">
      <Filter>소스 파일</Filter>
    </ClCompile>
    <ClCompile Include="C10_반복자\C10_S6_distance() 보조 함수.cpp">
      <Filter>소스 파일</Filter>
    </ClCompile>
    <ClCompile Include="C10_반복자\C10_S6_사용자 iterator_tag와 iterator_traits 클래스.cpp">
      <Filter>소스 파일</Filter>
    </ClCompile>
    <ClCompile Include="C9_STL  함수 객체\C9_Q2.cpp">
      <Filter>소스 파일</Filter>
    </ClCompile>
    <ClCompile Include="C9_STL  함수 객체\C9_Q3.cpp">
      <Filter>소스 파일</Filter>
    </ClCompile>
    <ClCompile Include="C9_STL  함수 객체\C9_Q4.cpp">
      <Filter>소스 파일</Filter>
    </ClCompile>
    <ClCompile Include="C9_STL  함수 객체\C9_Q5.cpp">
      <Filter>소스 파일</Filter>
    </ClCompile>
    <ClCompile Include="C9_STL  함수 객체\C9_S1_first_argument_type, second_argument_type, result_type 형식 정의.cpp">
      <Filter>소스 파일</Filter>
    </ClCompile>
    <ClCompile Include="C9_STL  함수 객체\C9_S1_transform() 알고리즘의 plust(int) 연산.cpp">
      <Filter>소스 파일</Filter>
    </ClCompile>
    <ClCompile Include="C9_STL  함수 객체\C9_S1_기본 클래스 binary_function 상속.cpp">
      <Filter>소스 파일</Filter>
    </ClCompile>
    <ClCompile Include="C9_STL  함수 객체\C9_S1_세 가지 조건자.cpp">
      <Filter>소스 파일</Filter>
    </ClCompile>
    <ClCompile Include="C9_STL  함수 객체\C9_S1_어댑터를 사용한 transform() 알고리즘.cpp">
      <Filter>소스 파일</Filter>
    </ClCompile>
    <ClCompile Include="C9_STL  함수 객체\C9_S2_plus(T)의 사용.cpp">
      <Filter>소스 파일</Filter>
    </ClCompile>
    <ClCompile Include="C9_STL  함수 객체\C9_S2_사용자 Plus(T).cpp">
      <Filter>소스 파일</Filter>
    </ClCompile>
    <ClCompile Include="C9_STL  함수 객체\C9_S2_산술 연산 함수자와 알고리즘.cpp">
      <Filter>소스 파일</Filter>
    </ClCompile>
    <ClCompile Include="C9_STL  함수 객체\C9_S3_비교 연산 조건자.cpp">
      <Filter>소스 파일</Filter>
    </ClCompile>
    <ClCompile Include="C9_STL  함수 객체\C9_S3_사용자 Less(T).cpp">
      <Filter>소스 파일</Filter>
    </ClCompile>
    <ClCompile Include="C9_STL  함수 객체\C9_S3_조건자 Less(T).cpp">
      <Filter>소스 파일</Filter>
    </ClCompile>
    <ClCompile Include="C9_STL  함수 객체\C9_S4_논리 조건자 logical_and(T).cpp">
      <Filter>소스 파일</Filter>
    </ClCompile>
    <ClCompile Include="C9_STL  함수 객체\C9_S5_bind1st 바인더.cpp">
      <Filter>소스 파일</Filter>
    </ClCompile>
    <ClCompile Include="C9_STL  함수 객체\C9_S5_bind2nd 바인더.cpp">
      <Filter>소스 파일</Filter>
    </ClCompile>
    <ClCompile Include="C9_STL  함수 객체\C9_S6_not1 부정자.cpp">
      <Filter>소스 파일</Filter>
    </ClCompile>
    <ClCompile Include="C9_STL  함수 객체\C9_S6_not2 부정자.cpp">
      <Filter>소스 파일</Filter>
    </ClCompile>
    <ClCompile Include="C9_STL  함수 객체\C9_S7_ptr_fun에 부정자 어댑터 not1을 사용한 count_if() 알고리즘.cpp">
      <Filter>소스 파일</Filter>
    </ClCompile>
    <ClCompile Include="C9_STL  함수 객체\C9_S7_사용자 ptr_fun()의 구현.cpp">
      <Filter>소스 파일</Filter>
    </ClCompile>
    <ClCompile Include="C9_STL  함수 객체\C9_S7_일반 함수에 부정자 어댑터 not1을 사용한 count_if() 알고리즘.cpp">
      <Filter>소스 파일</Filter>
    </ClCompile>
    <ClCompile Include="C9_STL  함수 객체\C9_S8_mem_fun_ref() 어댑터.cpp">
      <Filter>소스 파일</Filter>
    </ClCompile>
    <ClCompile Include="C9_STL  함수 객체\C9_S8_사용자 Mem_fun() 어댑터.cpp">
      <Filter>소스 파일</Filter>
    </ClCompile>
    <ClCompile Include="C9_STL  함수 객체\C9_S8_사용자 Mem_ref_fun() 어댑터.cpp">
      <Filter>소스 파일</Filter>
    </ClCompile>
    <ClCompile Include="C8_알고리즘\C8_Q2.cpp">
      <Filter>소스 파일</Filter>
    </ClCompile>
    <ClCompile Include="C8_알고리즘\C8_Q3.cpp">
      <Filter>소스 파일</Filter>
    </ClCompile>
    <ClCompile Include="C8_알고리즘\C8_Q4.cpp">
      <Filter>소스 파일</Filter>
    </ClCompile>
    <ClCompile Include="C8_알고리즘\C8_Q5.cpp">
      <Filter>소스 파일</Filter>
    </ClCompile>
    <ClCompile Include="C8_알고리즘\C8_Q6.cpp">
      <Filter>소스 파일</Filter>
    </ClCompile>
    <ClCompile Include="C8_알고리즘\C8_Q7.cpp">
      <Filter>소스 파일</Filter>
    </ClCompile>
    <ClCompile Include="C8_알고리즘\C8_Q8.cpp">
      <Filter>소스 파일</Filter>
    </ClCompile>
    <ClCompile Include="C8_알고리즘\C8_S1_adjacent_find() 알고리즘.cpp">
      <Filter>소스 파일</Filter>
    </ClCompile>
    <ClCompile Include="C8_알고리즘\C8_S1_adjacent_find() 알고리즘의 반환 반복자.cpp">
      <Filter>소스 파일</Filter>
    </ClCompile>
    <ClCompile Include="C8_알고리즘\C8_S1_adjacent_find() 조건자 버전.cpp">
      <Filter>소스 파일</Filter>
    </ClCompile>
    <ClCompile Include="C8_알고리즘\C8_S1_count() 알고리즘.cpp">
      <Filter>소스 파일</Filter>
    </ClCompile>
    <ClCompile Include="C8_알고리즘\C8_S1_equal() 알고리즘.cpp">
      <Filter>소스 파일</Filter>
    </ClCompile>
    <ClCompile Include="C8_알고리즘\C8_S1_find() 알고리즘.cpp">
      <Filter>소스 파일</Filter>
    </ClCompile>
    <ClCompile Include="C8_알고리즘\C8_S1_find_end() 알고리즘 이용해 컨테이너 판단.cpp">
      <Filter>소스 파일</Filter>
    </ClCompile>
    <ClCompile Include="C8_알고리즘\C8_S1_find_end() 알고리즘 조건자 버전.cpp">
      <Filter>소스 파일</Filter>
    </ClCompile>
    <ClCompile Include="C8_알고리즘\C8_S1_find_first_of() 알고리즘 조건자.cpp">
      <Filter>소스 파일</Filter>
    </ClCompile>
    <ClCompile Include="C8_알고리즘\C8_S1_find_first_of() 알고리즘.cpp">
      <Filter>소스 파일</Filter>
    </ClCompile>
    <ClCompile Include="C8_알고리즘\C8_S1_for_each() 알고리즘.cpp">
      <Filter>소스 파일</Filter>
    </ClCompile>
    <ClCompile Include="C8_알고리즘\C8_S1_for_each() 알고리즘과 함수자.cpp">
      <Filter>소스 파일</Filter>
    </ClCompile>
    <ClCompile Include="C8_알고리즘\C8_S1_lexicographical_compare() 알고리즘.cpp">
      <Filter>소스 파일</Filter>
    </ClCompile>
    <ClCompile Include="C8_알고리즘\C8_S1_max(), min() 알고리즘.cpp">
      <Filter>소스 파일</Filter>
    </ClCompile>
    <ClCompile Include="C8_알고리즘\C8_S1_max_element(), min_element() 알고리즘.cpp">
      <Filter>소스 파일</Filter>
    </ClCompile>
    <ClCompile Include="C8_알고리즘\C8_S1_mismatch() 알고리즘.cpp">
      <Filter>소스 파일</Filter>
    </ClCompile>
    <ClCompile Include="C8_알고리즘\C8_S1_search() 알고리즘.cpp">
      <Filter>소스 파일</Filter>
    </ClCompile>
    <ClCompile Include="C8_알고리즘\C8_S1_search_n() 알고리즘.cpp">
      <Filter>소스 파일</Filter>
    </ClCompile>
    <ClCompile Include="C8_알고리즘\C8_S1_조건자 버전 equal() 알고리즘.cpp">
      <Filter>소스 파일</Filter>
    </ClCompile>
    <ClCompile Include="C8_알고리즘\C8_S1_조건자 버전 max_element() 알고리즘.cpp">
      <Filter>소스 파일</Filter>
    </ClCompile>
    <ClCompile Include="C8_알고리즘\C8_S1_조건자 버전 search_n() 알고리즘.cpp">
      <Filter>소스 파일</Filter>
    </ClCompile>
    <ClCompile Include="C8_알고리즘\C8_S1_조건자 버전의 count_if().cpp">
      <Filter>소스 파일</Filter>
    </ClCompile>
    <ClCompile Include="C8_알고리즘\C8_S1_조건자 버전의 lexicographical_compare() 알고리즘.cpp">
      <Filter>소스 파일</Filter>
    </ClCompile>
    <ClCompile Include="C8_알고리즘\C8_S1_조건자 버전의 mismatch() 알고리즘.cpp">
      <Filter>소스 파일</Filter>
    </ClCompile>
    <ClCompile Include="C8_알고리즘\C8_S2_copy() 알고리즘.cpp">
      <Filter>소스 파일</Filter>
    </ClCompile>
    <ClCompile Include="C8_알고리즘\C8_S2_copy_backward() 알고리즘.cpp">
      <Filter>소스 파일</Filter>
    </ClCompile>
    <ClCompile Include="C8_알고리즘\C8_S2_fill(), fill_n() 알고리즘.cpp">
      <Filter>소스 파일</Filter>
    </ClCompile>
    <ClCompile Include="C8_알고리즘\C8_S2_for_each() 알고리즘을 사용한 원소의 수정.cpp">
      <Filter>소스 파일</Filter>
    </ClCompile>
    <ClCompile Include="C8_알고리즘\C8_S2_generate(), generate_n() 알고리즘.cpp">
      <Filter>소스 파일</Filter>
    </ClCompile>
    <ClCompile Include="C8_알고리즘\C8_S2_merge() 알고리즘.cpp">
      <Filter>소스 파일</Filter>
    </ClCompile>
    <ClCompile Include="C8_알고리즘\C8_S2_merge() 알고리즘의 정렬 기준으로 greater를 사용한 예.cpp">
      <Filter>소스 파일</Filter>
    </ClCompile>
    <ClCompile Include="C8_알고리즘\C8_S2_replace() 알고리즘.cpp">
      <Filter>소스 파일</Filter>
    </ClCompile>
    <ClCompile Include="C8_알고리즘\C8_S2_replace_copy(), replace_copy_if() 알고리즘.cpp">
      <Filter>소스 파일</Filter>
    </ClCompile>
    <ClCompile Include="C8_알고리즘\C8_S2_replace_if() 알고리즘.cpp">
      <Filter>소스 파일</Filter>
    </ClCompile>
    <ClCompile Include="C8_알고리즘\C8_S2_swap(), iter_swap() 알고리즘.cpp">
      <Filter>소스 파일</Filter>
    </ClCompile>
    <ClCompile Include="C8_알고리즘\C8_S2_swap_ranges() 알고리즘.cpp">
      <Filter>소스 파일</Filter>
    </ClCompile>
    <ClCompile Include="C8_알고리즘\C8_S2_transform() 알고리즘, for_each()와 비교.cpp">
      <Filter>소스 파일</Filter>
    </ClCompile>
    <ClCompile Include="C8_알고리즘\C8_S2_transform() 알고리즘의 반환 반복자.cpp">
      <Filter>소스 파일</Filter>
    </ClCompile>
    <ClCompile Include="C8_알고리즘\C8_S2_두 순차열의 연산이 가능한 transform() 알고리즘.cpp">
      <Filter>소스 파일</Filter>
    </ClCompile>
    <ClCompile Include="C8_알고리즘\C8_S2_함수자를 사용한 for_each() 알고리즘.cpp">
      <Filter>소스 파일</Filter>
    </ClCompile>
    <ClCompile Include="C8_알고리즘\C8_S3_remove() 알고리즘.cpp">
      <Filter>소스 파일</Filter>
    </ClCompile>
    <ClCompile Include="C8_알고리즘\C8_S3_remove() 후의 erase() 멤버 함수 사용.cpp">
      <Filter>소스 파일</Filter>
    </ClCompile>
    <ClCompile Include="C8_알고리즘\C8_S3_remove_copy() 알고리즘.cpp">
      <Filter>소스 파일</Filter>
    </ClCompile>
    <ClCompile Include="C8_알고리즘\C8_S3_remove_if() 알고리즘.cpp">
      <Filter>소스 파일</Filter>
    </ClCompile>
    <ClCompile Include="C8_알고리즘\C8_S3_unique() 알고리즘.cpp">
      <Filter>소스 파일</Filter>
    </ClCompile>
    <ClCompile Include="C8_알고리즘\C8_S3_조건자 버전 unique() 알고리즘.cpp">
      <Filter>소스 파일</Filter>
    </ClCompile>
    <ClCompile Include="C8_알고리즘\C8_S4_next_permutation() 알고리즘.cpp">
      <Filter>소스 파일</Filter>
    </ClCompile>
    <ClCompile Include="C8_알고리즘\C8_S4_partition() 알고리즘.cpp">
      <Filter>소스 파일</Filter>
    </ClCompile>
    <ClCompile Include="C8_알고리즘\C8_S4_random_shuffle() 알고리즘.cpp">
      <Filter>소스 파일</Filter>
    </ClCompile>
    <ClCompile Include="C8_알고리즘\C8_S4_reverse() 알고리즘.cpp">
      <Filter>소스 파일</Filter>
    </ClCompile>
    <ClCompile Include="C8_알고리즘\C8_S4_reverse_copy() 알고리즘.cpp">
      <Filter>소스 파일</Filter>
    </ClCompile>
    <ClCompile Include="C8_알고리즘\C8_S4_rotate() 알고리즘.cpp">
      <Filter>소스 파일</Filter>
    </ClCompile>
    <ClCompile Include="C8_알고리즘\C8_S4_rotate_copy() 알고리즘.cpp">
      <Filter>소스 파일</Filter>
    </ClCompile>
    <ClCompile Include="C8_알고리즘\C8_S4_stable_partition() 알고리즘.cpp">
      <Filter>소스 파일</Filter>
    </ClCompile>
    <ClCompile Include="C8_알고리즘\C8_S4_조건자 버전 next_permutation() 알고리즘.cpp">
      <Filter>소스 파일</Filter>
    </ClCompile>
    <ClCompile Include="C8_알고리즘\C8_S5_make_heap() 알고리즘.cpp">
      <Filter>소스 파일</Filter>
    </ClCompile>
    <ClCompile Include="C8_알고리즘\C8_S5_nth_element() 알고리즘.cpp">
      <Filter>소스 파일</Filter>
    </ClCompile>
    <ClCompile Include="C8_알고리즘\C8_S5_partial_sort() 알고리즘.cpp">
      <Filter>소스 파일</Filter>
    </ClCompile>
    <ClCompile Include="C8_알고리즘\C8_S5_partial_sort_copy() 알고리즘.cpp">
      <Filter>소스 파일</Filter>
    </ClCompile>
    <ClCompile Include="C8_알고리즘\C8_S5_pop_heap() 알고리즘.cpp">
      <Filter>소스 파일</Filter>
    </ClCompile>
    <ClCompile Include="C8_알고리즘\C8_S5_push_heap() 알고리즘.cpp">
      <Filter>소스 파일</Filter>
    </ClCompile>
    <ClCompile Include="C8_알고리즘\C8_S5_sort() 알고리즘.cpp">
      <Filter>소스 파일</Filter>
    </ClCompile>
    <ClCompile Include="C8_알고리즘\C8_S5_sort_heap() 알고리즘.cpp">
      <Filter>소스 파일</Filter>
    </ClCompile>
    <ClCompile Include="C8_알고리즘\C8_S5_stable_sort() 알고리즘.cpp">
      <Filter>소스 파일</Filter>
    </ClCompile>
    <ClCompile Include="C8_알고리즘\C8_S5_조건자 버전 힙 알고리즘.cpp">
      <Filter>소스 파일</Filter>
    </ClCompile>
    <ClCompile Include="C8_알고리즘\C8_S6_binary_search() 알고리즘.cpp">
      <Filter>소스 파일</Filter>
    </ClCompile>
    <ClCompile Include="C8_알고리즘\C8_S6_binary_search() 알고리즘의 조건자.cpp">
      <Filter>소스 파일</Filter>
    </ClCompile>
    <ClCompile Include="C8_알고리즘\C8_S6_equal_range() 알고리즘.cpp">
      <Filter>소스 파일</Filter>
    </ClCompile>
    <ClCompile Include="C8_알고리즘\C8_S6_includes() 알고리즘.cpp">
      <Filter>소스 파일</Filter>
    </ClCompile>
    <ClCompile Include="C8_알고리즘\C8_S6_inplace_merge() 알고리즘.cpp">
      <Filter>소스 파일</Filter>
    </ClCompile>
    <ClCompile Include="C8_알고리즘\C8_S6_lower_bound(), upper_bound() 알고리즘.cpp">
      <Filter>소스 파일</Filter>
    </ClCompile>
    <ClCompile Include="C8_알고리즘\C8_S6_merge() 알고리즘.cpp">
      <Filter>소스 파일</Filter>
    </ClCompile>
    <ClCompile Include="C8_알고리즘\C8_S6_set_intersection(), set_difference(), set_symmetric_difference() 알고리즘.cpp">
      <Filter>소스 파일</Filter>
    </ClCompile>
    <ClCompile Include="C8_알고리즘\C8_S6_set_union() 알고리즘.cpp">
      <Filter>소스 파일</Filter>
    </ClCompile>
    <ClCompile Include="C8_알고리즘\C8_S6_조건자 버전 binary_search() 알고리즘.cpp">
      <Filter>소스 파일</Filter>
    </ClCompile>
    <ClCompile Include="C8_알고리즘\C8_S7_accumulate() 알고리즘.cpp">
      <Filter>소스 파일</Filter>
    </ClCompile>
    <ClCompile Include="C8_알고리즘\C8_S7_adjacent_difference() 알고리즘.cpp">
      <Filter>소스 파일</Filter>
    </ClCompile>
    <ClCompile Include="C8_알고리즘\C8_S7_inner_product() 알고리즘.cpp">
      <Filter>소스 파일</Filter>
    </ClCompile>
    <ClCompile Include="C8_알고리즘\C8_S7_partial_sum() 알고리즘.cpp">
      <Filter>소스 파일</Filter>
    </ClCompile>
    <ClCompile Include="C8_알고리즘\C8_S7_함수류 버전 accumulate() 알고리즘.cpp">
      <Filter>소스 파일</Filter>
    </ClCompile>
    <ClCompile Include="C8_알고리즘\C8_S7_함수류 버전 adjacent_difference() 알고리즘.cpp">
      <Filter>소스 파일</Filter>
    </ClCompile>
    <ClCompile Include="C8_알고리즘\C8_S7_함수류 버전 inner_product() 알고리즘.cpp">
      <Filter>소스 파일</Filter>
    </ClCompile>
    <ClCompile Include="C8_알고리즘\C8_S7_함수류 버전 partial_sum() 알고리즘.cpp">
      <Filter>소스 파일</Filter>
    </ClCompile>
    <ClCompile Include="C7_연관 컨테이너\C7_S1_insert()의 반한값(pair 객체).cpp">
      <Filter>소스 파일</Filter>
    </ClCompile>
    <ClCompile Include="C7_연관 컨테이너\C7_S1_set의 count().cpp">
      <Filter>소스 파일</Filter>
    </ClCompile>
    <ClCompile Include="C7_연관 컨테이너\C7_S1_set의 equal_range().cpp">
      <Filter>소스 파일</Filter>
    </ClCompile>
    <ClCompile Include="C7_연관 컨테이너\C7_S1_set의 find().cpp">
      <Filter>소스 파일</Filter>
    </ClCompile>
    <ClCompile Include="C7_연관 컨테이너\C7_S1_set의 insert().cpp">
      <Filter>소스 파일</Filter>
    </ClCompile>
    <ClCompile Include="C7_연관 컨테이너\C7_S1_set의 key_comp(), value_comp() 멤버 함수.cpp">
      <Filter>소스 파일</Filter>
    </ClCompile>
    <ClCompile Include="C7_연관 컨테이너\C7_S1_set의 lower_bound(), upper_bound().cpp">
      <Filter>소스 파일</Filter>
    </ClCompile>
    <ClCompile Include="C7_연관 컨테이너\C7_S1_set의 정렬 기준을 사용한 값 비교.cpp">
      <Filter>소스 파일</Filter>
    </ClCompile>
    <ClCompile Include="C7_연관 컨테이너\C7_S1_set의 탐색 위치 지정 insert().cpp">
      <Filter>소스 파일</Filter>
    </ClCompile>
    <ClCompile Include="C7_연관 컨테이너\C7_S1_정렬 기준 greater를 사용한 set.cpp">
      <Filter>소스 파일</Filter>
    </ClCompile>
    <ClCompile Include="C7_연관 컨테이너\C7_S2_multiset의 equal_range().cpp">
      <Filter>소스 파일</Filter>
    </ClCompile>
    <ClCompile Include="C7_연관 컨테이너\C7_S2_multiset의 insert().cpp">
      <Filter>소스 파일</Filter>
    </ClCompile>
    <ClCompile Include="C7_연관 컨테이너\C7_S2_multiset의 찾기 관련 함수.cpp">
      <Filter>소스 파일</Filter>
    </ClCompile>
    <ClCompile Include="C7_연관 컨테이너\C7_S3_map 컨테이너의 정렬 기준 조건자 greater.cpp">
      <Filter>소스 파일</Filter>
    </ClCompile>
    <ClCompile Include="C7_연관 컨테이너\C7_S3_map의 [] 연산자.cpp">
      <Filter>소스 파일</Filter>
    </ClCompile>
    <ClCompile Include="C7_연관 컨테이너\C7_S3_map의 insert() 반환 값.cpp">
      <Filter>소스 파일</Filter>
    </ClCompile>
    <ClCompile Include="C7_연관 컨테이너\C7_S3_map의 insert().cpp">
      <Filter>소스 파일</Filter>
    </ClCompile>
    <ClCompile Include="C7_연관 컨테이너\C7_S3_map의 찾기 관련 멤버 함수.cpp">
      <Filter>소스 파일</Filter>
    </ClCompile>
    <ClCompile Include="C7_연관 컨테이너\C7_S4_multimap의 count()와 find().cpp">
      <Filter>소스 파일</Filter>
    </ClCompile>
    <ClCompile Include="C7_연관 컨테이너\C7_S4_multimap의 lower_bound(), upper_bound(), equal_range().cpp">
      <Filter>소스 파일</Filter>
    </ClCompile>
    <ClCompile Include="C6_시퀀스 컨테이너\C6_S1_at()의 out_of_range 예외.cpp">
      <Filter>소스 파일</Filter>
    </ClCompile>
    <ClCompile Include="C6_시퀀스 컨테이너\C6_S1_const와 반복자.cpp">
      <Filter>소스 파일</Filter>
    </ClCompile>
    <ClCompile Include="C6_시퀀스 컨테이너\C6_S1_erase() 멤버 함수.cpp">
      <Filter>소스 파일</Filter>
    </ClCompile>
    <ClCompile Include="C6_시퀀스 컨테이너\C6_S1_insert() 멤버 함수의 사용.cpp">
      <Filter>소스 파일</Filter>
    </ClCompile>
    <ClCompile Include="C6_시퀀스 컨테이너\C6_S1_iterator와 reverse_iterator.cpp">
      <Filter>소스 파일</Filter>
    </ClCompile>
    <ClCompile Include="C6_시퀀스 컨테이너\C6_S1_swap을 사용한 할당 메모리 제거.cpp">
      <Filter>소스 파일</Filter>
    </ClCompile>
    <ClCompile Include="C6_시퀀스 컨테이너\C6_S1_vector 반복자의 연산.cpp">
      <Filter>소스 파일</Filter>
    </ClCompile>
    <ClCompile Include="C6_시퀀스 컨테이너\C6_S1_vector 생성자의 초깃값 지정.cpp">
      <Filter>소스 파일</Filter>
    </ClCompile>
    <ClCompile Include="C6_시퀀스 컨테이너\C6_S1_vector와 vector의 비교.cpp">
      <Filter>소스 파일</Filter>
    </ClCompile>
    <ClCompile Include="C6_시퀀스 컨테이너\C6_S1_vector의 [] 연산자와 at() 멤버 함수.cpp">
      <Filter>소스 파일</Filter>
    </ClCompile>
    <ClCompile Include="C6_시퀀스 컨테이너\C6_S1_vector의 assign().cpp">
      <Filter>소스 파일</Filter>
    </ClCompile>
    <ClCompile Include="C6_시퀀스 컨테이너\C6_S1_vector의 begin()와 end().cpp">
      <Filter>소스 파일</Filter>
    </ClCompile>
    <ClCompile Include="C6_시퀀스 컨테이너\C6_S1_vector의 capacity().cpp">
      <Filter>소스 파일</Filter>
    </ClCompile>
    <ClCompile Include="C6_시퀀스 컨테이너\C6_S1_vector의 clear()와 empty().cpp">
      <Filter>소스 파일</Filter>
    </ClCompile>
    <ClCompile Include="C6_시퀀스 컨테이너\C6_S1_vector의 front()와 back() 참조.cpp">
      <Filter>소스 파일</Filter>
    </ClCompile>
    <ClCompile Include="C6_시퀀스 컨테이너\C6_S1_vector의 front()와 back().cpp">
      <Filter>소스 파일</Filter>
    </ClCompile>
    <ClCompile Include="C6_시퀀스 컨테이너\C6_S1_vector의 push_back().cpp">
      <Filter>소스 파일</Filter>
    </ClCompile>
    <ClCompile Include="C6_시퀀스 컨테이너\C6_S1_vector의 reserve().cpp">
      <Filter>소스 파일</Filter>
    </ClCompile>
    <ClCompile Include="C6_시퀀스 컨테이너\C6_S1_vector의 resize().cpp">
      <Filter>소스 파일</Filter>
    </ClCompile>
    <ClCompile Include="C6_시퀀스 컨테이너\C6_S1_vector의 size(), capacity(), max_size().cpp">
      <Filter>소스 파일</Filter>
    </ClCompile>
    <ClCompile Include="C6_시퀀스 컨테이너\C6_S1_vector의 size_type.cpp">
      <Filter>소스 파일</Filter>
    </ClCompile>
    <ClCompile Include="C6_시퀀스 컨테이너\C6_S1_vector의 swap().cpp">
      <Filter>소스 파일</Filter>
    </ClCompile>
    <ClCompile Include="C6_시퀀스 컨테이너\C6_S1_vector의 생성자.cpp">
      <Filter>소스 파일</Filter>
    </ClCompile>
    <ClCompile Include="C6_시퀀스 컨테이너\C6_S1_다른 버전의 insert() 멤버 함수.cpp">
      <Filter>소스 파일</Filter>
    </ClCompile>
    <ClCompile Include="C6_시퀀스 컨테이너\C6_S1_반복자로 동작하는 생성자와 assign() 멤버 함수.cpp">
      <Filter>소스 파일</Filter>
    </ClCompile>
    <ClCompile Include="C6_시퀀스 컨테이너\C6_S1_일반 반복자와 상수 반복자.cpp">
      <Filter>소스 파일</Filter>
    </ClCompile>
    <ClCompile Include="C6_시퀀스 컨테이너\C6_S2_deque의 insert().cpp">
      <Filter>소스 파일</Filter>
    </ClCompile>
    <ClCompile Include="C6_시퀀스 컨테이너\C6_S2_deque의 push_front().cpp">
      <Filter>소스 파일</Filter>
    </ClCompile>
    <ClCompile Include="C6_시퀀스 컨테이너\C6_S2_deque의 반복자.cpp">
      <Filter>소스 파일</Filter>
    </ClCompile>
    <ClCompile Include="C6_시퀀스 컨테이너\C6_S2_push_back 멤버 함수.cpp">
      <Filter>소스 파일</Filter>
    </ClCompile>
    <ClCompile Include="C6_시퀀스 컨테이너\C6_S2_vector와 deque.cpp">
      <Filter>소스 파일</Filter>
    </ClCompile>
    <ClCompile Include="C6_시퀀스 컨테이너\C6_S3_list와 vector의 insert().cpp">
      <Filter>소스 파일</Filter>
    </ClCompile>
    <ClCompile Include="C6_시퀀스 컨테이너\C6_S3_list의 insert()와 erase().cpp">
      <Filter>소스 파일</Filter>
    </ClCompile>
    <ClCompile Include="C6_시퀀스 컨테이너\C6_S3_list의 merge().cpp">
      <Filter>소스 파일</Filter>
    </ClCompile>
    <ClCompile Include="C6_시퀀스 컨테이너\C6_S3_list의 push_back, push_front, 반복자.cpp">
      <Filter>소스 파일</Filter>
    </ClCompile>
    <ClCompile Include="C6_시퀀스 컨테이너\C6_S3_list의 remove().cpp">
      <Filter>소스 파일</Filter>
    </ClCompile>
    <ClCompile Include="C6_시퀀스 컨테이너\C6_S3_list의 remove_if().cpp">
      <Filter>소스 파일</Filter>
    </ClCompile>
    <ClCompile Include="C6_시퀀스 컨테이너\C6_S3_list의 reverse().cpp">
      <Filter>소스 파일</Filter>
    </ClCompile>
    <ClCompile Include="C6_시퀀스 컨테이너\C6_S3_list의 sort().cpp">
      <Filter>소스 파일</Filter>
    </ClCompile>
    <ClCompile Include="C6_시퀀스 컨테이너\C6_S3_list의 splice() 다른 버전.cpp">
      <Filter>소스 파일</Filter>
    </ClCompile>
    <ClCompile Include="C6_시퀀스 컨테이너\C6_S3_list의 splice().cpp">
      <Filter>소스 파일</Filter>
    </ClCompile>
    <ClCompile Include="C6_시퀀스 컨테이너\C6_S3_list의 unique().cpp">
      <Filter>소스 파일</Filter>
    </ClCompile>
    <ClCompile Include="C6_시퀀스 컨테이너\C6_S3_list의 조건자 버전 merge().cpp">
      <Filter>소스 파일</Filter>
    </ClCompile>
    <ClCompile Include="C6_시퀀스 컨테이너\C6_S3_list의 조건자 버전 sort().cpp">
      <Filter>소스 파일</Filter>
    </ClCompile>
    <ClCompile Include="C6_시퀀스 컨테이너\C6_S3_list의 조건자 버전 unique().cpp">
      <Filter>소스 파일</Filter>
    </ClCompile>
    <ClCompile Include="C5_STL 소개\C5_S2_deque의 임의 접근 반복자.cpp">
      <Filter>소스 파일</Filter>
    </ClCompile>
    <ClCompile Include="C5_STL 소개\C5_S2_find 알고리즘.cpp">
      <Filter>소스 파일</Filter>
    </ClCompile>
    <ClCompile Include="C5_STL 소개\C5_S2_less 조건자와 not2.cpp">
      <Filter>소스 파일</Filter>
    </ClCompile>
    <ClCompile Include="C5_STL 소개\C5_S2_stack 컨테이너.cpp">
      <Filter>소스 파일</Filter>
    </ClCompile>
    <ClCompile Include="C5_STL 소개\C5_S2_vector 컨테이너.cpp">
      <Filter>소스 파일</Filter>
    </ClCompile>
    <ClCompile Include="C5_STL 소개\C5_S2_vector 컨테이너를 적용한 stack 컨테이너.cpp">
      <Filter>소스 파일</Filter>
    </ClCompile>
    <ClCompile Include="C5_STL 소개\C5_S2_vector와 list 컨테이너의 반복자와 sort 알고리즘.cpp">
      <Filter>소스 파일</Filter>
    </ClCompile>
    <ClCompile Include="C5_STL 소개\C5_S2_vector의 반복자.cpp">
      <Filter>소스 파일</Filter>
    </ClCompile>
    <ClCompile Include="C5_STL 소개\C5_S2_vector의 역반향 반복자.cpp">
      <Filter>소스 파일</Filter>
    </ClCompile>
    <ClCompile Include="C5_STL 소개\C5_S2_vector의 임의 접근 반복자.cpp">
      <Filter>소스 파일</Filter>
    </ClCompile>
    <ClCompile Include="C5_STL 소개\C5_S2_역방향 반복자 reverse_iterator.cpp">
      <Filter>소스 파일</Filter>
    </ClCompile>
    <ClCompile Include="C5_STL 소개\C5_S2_정방향 반복자와 역방향 반복자가 가리키는 값.cpp">
      <Filter>소스 파일</Filter>
    </ClCompile>
    <ClCompile Include="C5_STL 소개\C5_S2_컨테이너 기본 할당기 allocator.cpp">
      <Filter>소스 파일</Filter>
    </ClCompile>
    <ClCompile Include="C5_STL 소개\C5_S2_함수 객체를 적용한 sort 알고리즘.cpp">
      <Filter>소스 파일</Filter>
    </ClCompile>
    <ClCompile Include="C4_템플릿\C4_S1_Point 객체를 출력하지 못하는 함수 템플릿 예제.cpp">
      <Filter>소스 파일</Filter>
    </ClCompile>
    <ClCompile Include="C4_템플릿\C4_S1_Point 객체만의 함수 템플릿 특수화 지원.cpp">
      <Filter>소스 파일</Filter>
    </ClCompile>
    <ClCompile Include="C4_템플릿\C4_S1_Swap()의 템플릿 함수.cpp">
      <Filter>소스 파일</Filter>
    </ClCompile>
    <ClCompile Include="C4_템플릿\C4_S1_두 개의 매개변수를 갖는 함수 템플릿.cpp">
      <Filter>소스 파일</Filter>
    </ClCompile>
    <ClCompile Include="C4_템플릿\C4_S1_배열 출력 함수 템플릿.cpp">
      <Filter>소스 파일</Filter>
    </ClCompile>
    <ClCompile Include="C4_템플릿\C4_S1_함수 템플릿.cpp">
      <Filter>소스 파일</Filter>
    </ClCompile>
    <ClCompile Include="C4_템플릿\C4_S1_함수 템플릿의 명시적 타입 지정 후 호출.cpp">
      <Filter>소스 파일</Filter>
    </ClCompile>
    <ClCompile Include="C4_템플릿\C4_S2_ObjectInfo 특수화 버전.cpp">
      <Filter>소스 파일</Filter>
    </ClCompile>
    <ClCompile Include="C4_템플릿\C4_S2_객체 정보를 출력하는 ObjectInfo 클래스.cpp">
      <Filter>소스 파일</Filter>
    </ClCompile>
    <ClCompile Include="C4_템플릿\C4_S2_디폴트 매개변수 값을 갖는 클래스 템플릿 Array.cpp">
      <Filter>소스 파일</Filter>
    </ClCompile>
    <ClCompile Include="C4_템플릿\C4_S2_정수, 실수, 문자열 Array 클래스 정의.cpp">
      <Filter>소스 파일</Filter>
    </ClCompile>
    <ClCompile Include="C4_템플릿\C4_S2_클래스 템플릿 Array.cpp">
      <Filter>소스 파일</Filter>
    </ClCompile>
    <ClCompile Include="C4_템플릿\C4_S3_For_each() 함수.cpp">
      <Filter>소스 파일</Filter>
    </ClCompile>
    <ClCompile Include="C4_템플릿\C4_S3_Pair 클래스.cpp">
      <Filter>소스 파일</Filter>
    </ClCompile>
    <ClCompile Include="C4_템플릿\C4_S3_Q1.cpp">
      <Filter>소스 파일</Filter>
    </ClCompile>
    <ClCompile Include="C4_템플릿\C4_S3_Q2.cpp">
      <Filter>소스 파일</Filter>
    </ClCompile>
    <ClCompile Include="C4_템플릿\C4_S3_Q3.cpp">
      <Filter>소스 파일</Filter>
    </ClCompile>
    <ClCompile Include="C4_템플릿\C4_S3_반환 타입과 매개변수 타입을 인자로 갖는 함수 객체.cpp">
      <Filter>소스 파일</Filter>
    </ClCompile>
    <ClCompile Include="C4_템플릿\C4_S3_템플릿 Less, Greater.cpp">
      <Filter>소스 파일</Filter>
    </ClCompile>
    <ClCompile Include="C4_템플릿\C4_S3_함수 객체(PrintFunctor)를 사용한 For_each().cpp">
      <Filter>소스 파일</Filter>
    </ClCompile>
    <ClCompile Include="C4_템플릿\C4_S3_함수 템플릿 For_each().cpp">
      <Filter>소스 파일</Filter>
    </ClCompile>
    <ClCompile Include="C3_함수 객체\C3_S1_두 정수형 매개변수를 갖는 함수 객체.cpp">
      <Filter>소스 파일</Filter>
    </ClCompile>
    <ClCompile Include="C3_함수 객체\C3_S1_멤버 변수를 갖는 함수 객체.cpp">
      <Filter>소스 파일</Filter>
    </ClCompile>
    <ClCompile Include="C3_함수 객체\C3_S1_함수 객체 정의.cpp">
      <Filter>소스 파일</Filter>
    </ClCompile>
    <ClCompile Include="C3_함수 객체\C3_S1_함수 객체를 사용한 콜백 함수 구현.cpp">
      <Filter>소스 파일</Filter>
    </ClCompile>
    <ClCompile Include="C3_함수 객체\C3_S2_Greater의 구현.cpp">
      <Filter>소스 파일</Filter>
    </ClCompile>
    <ClCompile Include="C3_함수 객체\C3_S2_Less의 구현.cpp">
      <Filter>소스 파일</Filter>
    </ClCompile>
    <ClCompile Include="C3_함수 객체\C3_S2_plus와 minus 함수 객체 구현.cpp">
      <Filter>소스 파일</Filter>
    </ClCompile>
    <ClCompile Include="C3_함수 객체\C3_S2_STL의 less 함수 객체.cpp">
      <Filter>소스 파일</Filter>
    </ClCompile>
    <ClCompile Include="C2_함수 포인터\C2_S1_함수 포인터 선언과 사용.cpp">
      <Filter>소스 파일</Filter>
    </ClCompile>
    <ClCompile Include="C2_함수 포인터\C2_S2_C++ 함수 호출 방식.cpp">
      <Filter>소스 파일</Filter>
    </ClCompile>
    <ClCompile Include="C2_함수 포인터\C2_S2_Point 클래스의 멤버 함수 포인터.cpp">
      <Filter>소스 파일</Filter>
    </ClCompile>
    <ClCompile Include="C2_함수 포인터\C2_S2_정적 함수 포인터.cpp">
      <Filter>소스 파일</Filter>
    </ClCompile>
    <ClCompile Include="C2_함수 포인터\C2_S3_STL의 for_each 알고리즘 사용.cpp">
      <Filter>소스 파일</Filter>
    </ClCompile>
    <ClCompile Include="C2_함수 포인터\C2_S3_함수 포인터를 이용한 콜백 메커니즘 구현.cpp">
      <Filter>소스 파일</Filter>
    </ClCompile>
    <ClCompile Include="C1_연산자 오버로딩\C1_Q5.cpp">
      <Filter>소스 파일</Filter>
    </ClCompile>
    <ClCompile Include="C1_연산자 오버로딩\C1_S1_연산자_오버로딩_정의_및_사용하기.cpp">
      <Filter>소스 파일</Filter>
    </ClCompile>
    <ClCompile Include="C1_연산자 오버로딩\C1_S3_단항 연산자 오버로딩.cpp">
      <Filter>소스 파일</Filter>
    </ClCompile>
    <ClCompile Include="C1_연산자 오버로딩\C1_S4_이항 연산자 오버로딩.cpp">
      <Filter>소스 파일</Filter>
    </ClCompile>
    <ClCompile Include="C1_연산자 오버로딩\C1_S5_전역 함수를 이용한 연산자 오버로딩.cpp">
      <Filter>소스 파일</Filter>
    </ClCompile>
    <ClCompile Include="C1_연산자 오버로딩\C1_S6_Point의 [] 연산자 중복.cpp">
      <Filter>소스 파일</Filter>
    </ClCompile>
    <ClCompile Include="C1_연산자 오버로딩\C1_S6_STL에 필요한 주요 연산자 오버로딩.cpp">
      <Filter>소스 파일</Filter>
    </ClCompile>
    <ClCompile Include="C1_연산자 오버로딩\C1_S6_몇 가지 함수 호출 연산자 오버로딩.cpp">
      <Filter>소스 파일</Filter>
    </ClCompile>
    <ClCompile Include="C1_연산자 오버로딩\C1_S6_스마트 포인터 PointPtr 클래스 생성.cpp">
      <Filter>소스 파일</Filter>
    </ClCompile>
    <ClCompile Include="C1_연산자 오버로딩\C1_S6_정수를 저장하는 간단한 Array 클래스.cpp">
      <Filter>소스 파일</Filter>
    </ClCompile>
    <ClCompile Include="C1_연산자 오버로딩\C1_S7_Point 클래스의 int 타입 변환 연산자.cpp">
      <Filter>소스 파일</Filter>
    </ClCompile>
    <ClCompile Include="C1_연산자 오버로딩\C1_S7_Point 클래스의 생성자.cpp">
      <Filter>소스 파일</Filter>
    </ClCompile>
    <ClCompile Include="C1_연산자 오버로딩\C1_S7_생성자를 이용한 타입 변환.cpp">
      <Filter>소스 파일</Filter>
    </ClCompile>
    <ClCompile Include="C1_연산자 오버로딩\C1_S7_타입 변환 연산자 오버로딩.cpp">
      <Filter>소스 파일</Filter>
    </ClCompile>
  </ItemGroup>
</Project>